// !$*UTF8*$!
{
	archiveVersion = 1;
	classes = {
	};
	objectVersion = 46;
	objects = {

/* Begin PBXBuildFile section */
		09ED3F961E57794000A5BEB8 /* AppDelegate.swift in Sources */ = {isa = PBXBuildFile; fileRef = 09ED3F951E57794000A5BEB8 /* AppDelegate.swift */; };
		09ED3F981E57794000A5BEB8 /* ViewController.swift in Sources */ = {isa = PBXBuildFile; fileRef = 09ED3F971E57794000A5BEB8 /* ViewController.swift */; };
		09ED3F9B1E57794000A5BEB8 /* Main.storyboard in Resources */ = {isa = PBXBuildFile; fileRef = 09ED3F991E57794000A5BEB8 /* Main.storyboard */; };
		09ED3F9D1E57794000A5BEB8 /* Assets.xcassets in Resources */ = {isa = PBXBuildFile; fileRef = 09ED3F9C1E57794000A5BEB8 /* Assets.xcassets */; };
		09ED3FA01E57794000A5BEB8 /* LaunchScreen.storyboard in Resources */ = {isa = PBXBuildFile; fileRef = 09ED3F9E1E57794000A5BEB8 /* LaunchScreen.storyboard */; };
/* End PBXBuildFile section */

/* Begin PBXFileReference section */
		09ED3F921E57793F00A5BEB8 /* App_IntroMapas.app */ = {isa = PBXFileReference; explicitFileType = wrapper.application; includeInIndex = 0; path = App_IntroMapas.app; sourceTree = BUILT_PRODUCTS_DIR; };
		09ED3F951E57794000A5BEB8 /* AppDelegate.swift */ = {isa = PBXFileReference; lastKnownFileType = sourcecode.swift; path = AppDelegate.swift; sourceTree = "<group>"; };
		09ED3F971E57794000A5BEB8 /* ViewController.swift */ = {isa = PBXFileReference; lastKnownFileType = sourcecode.swift; path = ViewController.swift; sourceTree = "<group>"; };
		09ED3F9A1E57794000A5BEB8 /* Base */ = {isa = PBXFileReference; lastKnownFileType = file.storyboard; name = Base; path = Base.lproj/Main.storyboard; sourceTree = "<group>"; };
		09ED3F9C1E57794000A5BEB8 /* Assets.xcassets */ = {isa = PBXFileReference; lastKnownFileType = folder.assetcatalog; path = Assets.xcassets; sourceTree = "<group>"; };
		09ED3F9F1E57794000A5BEB8 /* Base */ = {isa = PBXFileReference; lastKnownFileType = file.storyboard; name = Base; path = Base.lproj/LaunchScreen.storyboard; sourceTree = "<group>"; };
		09ED3FA11E57794000A5BEB8 /* Info.plist */ = {isa = PBXFileReference; lastKnownFileType = text.plist.xml; path = Info.plist; sourceTree = "<group>"; };
/* End PBXFileReference section */

/* Begin PBXFrameworksBuildPhase section */
		09ED3F8F1E57793F00A5BEB8 /* Frameworks */ = {
			isa = PBXFrameworksBuildPhase;
			buildActionMask = 2147483647;
			files = (
			);
			runOnlyForDeploymentPostprocessing = 0;
		};
/* End PBXFrameworksBuildPhase section */

/* Begin PBXGroup section */
		09ED3F891E57793F00A5BEB8 = {
			isa = PBXGroup;
			children = (
				09ED3F941E57793F00A5BEB8 /* App_IntroMapas */,
				09ED3F931E57793F00A5BEB8 /* Products */,
			);
			sourceTree = "<group>";
		};
		09ED3F931E57793F00A5BEB8 /* Products */ = {
			isa = PBXGroup;
			children = (
				09ED3F921E57793F00A5BEB8 /* App_IntroMapas.app */,
			);
			name = Products;
			sourceTree = "<group>";
		};
		09ED3F941E57793F00A5BEB8 /* App_IntroMapas */ = {
			isa = PBXGroup;
			children = (
				09ED3F951E57794000A5BEB8 /* AppDelegate.swift */,
				09ED3F971E57794000A5BEB8 /* ViewController.swift */,
				09ED3F991E57794000A5BEB8 /* Main.storyboard */,
				09ED3F9C1E57794000A5BEB8 /* Assets.xcassets */,
				09ED3F9E1E57794000A5BEB8 /* LaunchScreen.storyboard */,
				09ED3FA11E57794000A5BEB8 /* Info.plist */,
			);
			path = App_IntroMapas;
			sourceTree = "<group>";
		};
/* End PBXGroup section */

/* Begin PBXNativeTarget section */
		09ED3F911E57793F00A5BEB8 /* App_IntroMapas */ = {
			isa = PBXNativeTarget;
			buildConfigurationList = 09ED3FA41E57794000A5BEB8 /* Build configuration list for PBXNativeTarget "App_IntroMapas" */;
			buildPhases = (
				09ED3F8E1E57793F00A5BEB8 /* Sources */,
				09ED3F8F1E57793F00A5BEB8 /* Frameworks */,
				09ED3F901E57793F00A5BEB8 /* Resources */,
			);
			buildRules = (
			);
			dependencies = (
			);
			name = App_IntroMapas;
			productName = App_IntroMapas;
			productReference = 09ED3F921E57793F00A5BEB8 /* App_IntroMapas.app */;
			productType = "com.apple.product-type.application";
		};
/* End PBXNativeTarget section */

/* Begin PBXProject section */
		09ED3F8A1E57793F00A5BEB8 /* Project object */ = {
			isa = PBXProject;
			attributes = {
				LastSwiftUpdateCheck = 0800;
				LastUpgradeCheck = 0800;
				ORGANIZATIONNAME = cice;
				TargetAttributes = {
					09ED3F911E57793F00A5BEB8 = {
						CreatedOnToolsVersion = 8.0;
						ProvisioningStyle = Automatic;
					};
				};
			};
			buildConfigurationList = 09ED3F8D1E57793F00A5BEB8 /* Build configuration list for PBXProject "App_IntroMapas" */;
			compatibilityVersion = "Xcode 3.2";
			developmentRegion = English;
			hasScannedForEncodings = 0;
			knownRegions = (
				en,
				Base,
			);
			mainGroup = 09ED3F891E57793F00A5BEB8;
			productRefGroup = 09ED3F931E57793F00A5BEB8 /* Products */;
			projectDirPath = "";
			projectRoot = "";
			targets = (
				09ED3F911E57793F00A5BEB8 /* App_IntroMapas */,
			);
		};
/* End PBXProject section */

/* Begin PBXResourcesBuildPhase section */
		09ED3F901E57793F00A5BEB8 /* Resources */ = {
			isa = PBXResourcesBuildPhase;
			buildActionMask = 2147483647;
			files = (
				09ED3FA01E57794000A5BEB8 /* LaunchScreen.storyboard in Resources */,
				09ED3F9D1E57794000A5BEB8 /* Assets.xcassets in Resources */,
				09ED3F9B1E57794000A5BEB8 /* Main.storyboard in Resources */,
			);
			runOnlyForDeploymentPostprocessing = 0;
		};
/* End PBXResourcesBuildPhase section */

/* Begin PBXSourcesBuildPhase section */
		09ED3F8E1E57793F00A5BEB8 /* Sources */ = {
			isa = PBXSourcesBuildPhase;
			buildActionMask = 2147483647;
			files = (
				09ED3F981E57794000A5BEB8 /* ViewController.swift in Sources */,
				09ED3F961E57794000A5BEB8 /* AppDelegate.swift in Sources */,
			);
			runOnlyForDeploymentPostprocessing = 0;
		};
/* End PBXSourcesBuildPhase section */

/* Begin PBXVariantGroup section */
		09ED3F991E57794000A5BEB8 /* Main.storyboard */ = {
			isa = PBXVariantGroup;
			children = (
				09ED3F9A1E57794000A5BEB8 /* Base */,
			);
			name = Main.storyboard;
			sourceTree = "<group>";
		};
		09ED3F9E1E57794000A5BEB8 /* LaunchScreen.storyboard */ = {
			isa = PBXVariantGroup;
			children = (
				09ED3F9F1E57794000A5BEB8 /* Base */,
			);
			name = LaunchScreen.storyboard;
			sourceTree = "<group>";
		};
/* End PBXVariantGroup section */

/* Begin XCBuildConfiguration section */
		09ED3FA21E57794000A5BEB8 /* Debug */ = {
			isa = XCBuildConfiguration;
			buildSettings = {
				ALWAYS_SEARCH_USER_PATHS = NO;
				CLANG_ANALYZER_NONNULL = YES;
				CLANG_CXX_LANGUAGE_STANDARD = "gnu++0x";
				CLANG_CXX_LIBRARY = "libc++";
				CLANG_ENABLE_MODULES = YES;
				CLANG_ENABLE_OBJC_ARC = YES;
				CLANG_WARN_BOOL_CONVERSION = YES;
				CLANG_WARN_CONSTANT_CONVERSION = YES;
				CLANG_WARN_DIRECT_OBJC_ISA_USAGE = YES_ERROR;
				CLANG_WARN_DOCUMENTATION_COMMENTS = YES;
				CLANG_WARN_EMPTY_BODY = YES;
				CLANG_WARN_ENUM_CONVERSION = YES;
				CLANG_WARN_INFINITE_RECURSION = YES;
				CLANG_WARN_INT_CONVERSION = YES;
				CLANG_WARN_OBJC_ROOT_CLASS = YES_ERROR;
				CLANG_WARN_SUSPICIOUS_MOVES = YES;
				CLANG_WARN_UNREACHABLE_CODE = YES;
				CLANG_WARN__DUPLICATE_METHOD_MATCH = YES;
				"CODE_SIGN_IDENTITY[sdk=iphoneos*]" = "iPhone Developer";
				COPY_PHASE_STRIP = NO;
				DEBUG_INFORMATION_FORMAT = dwarf;
				ENABLE_STRICT_OBJC_MSGSEND = YES;
				ENABLE_TESTABILITY = YES;
				GCC_C_LANGUAGE_STANDARD = gnu99;
				GCC_DYNAMIC_NO_PIC = NO;
				GCC_NO_COMMON_BLOCKS = YES;
				GCC_OPTIMIZATION_LEVEL = 0;
				GCC_PREPROCESSOR_DEFINITIONS = (
					"DEBUG=1",
					"$(inherited)",
				);
				GCC_WARN_64_TO_32_BIT_CONVERSION = YES;
				GCC_WARN_ABOUT_RETURN_TYPE = YES_ERROR;
				GCC_WARN_UNDECLARED_SELECTOR = YES;
				GCC_WARN_UNINITIALIZED_AUTOS = YES_AGGRESSIVE;
				GCC_WARN_UNUSED_FUNCTION = YES;
				GCC_WARN_UNUSED_VARIABLE = YES;
				IPHONEOS_DEPLOYMENT_TARGET = 10.0;
				MTL_ENABLE_DEBUG_INFO = YES;
				ONLY_ACTIVE_ARCH = YES;
				SDKROOT = iphoneos;
				SWIFT_ACTIVE_COMPILATION_CONDITIONS = DEBUG;
				SWIFT_OPTIMIZATION_LEVEL = "-Onone";
			};
			name = Debug;
		};
		09ED3FA31E57794000A5BEB8 /* Release */ = {
			isa = XCBuildConfiguration;
			buildSettings = {
				ALWAYS_SEARCH_USER_PATHS = NO;
				CLANG_ANALYZER_NONNULL = YES;
				CLANG_CXX_LANGUAGE_STANDARD = "gnu++0x";
				CLANG_CXX_LIBRARY = "libc++";
				CLANG_ENABLE_MODULES = YES;
				CLANG_ENABLE_OBJC_ARC = YES;
				CLANG_WARN_BOOL_CONVERSION = YES;
				CLANG_WARN_CONSTANT_CONVERSION = YES;
				CLANG_WARN_DIRECT_OBJC_ISA_USAGE = YES_ERROR;
				CLANG_WARN_DOCUMENTATION_COMMENTS = YES;
				CLANG_WARN_EMPTY_BODY = YES;
				CLANG_WARN_ENUM_CONVERSION = YES;
				CLANG_WARN_INFINITE_RECURSION = YES;
				CLANG_WARN_INT_CONVERSION = YES;
				CLANG_WARN_OBJC_ROOT_CLASS = YES_ERROR;
				CLANG_WARN_SUSPICIOUS_MOVES = YES;
				CLANG_WARN_UNREACHABLE_CODE = YES;
				CLANG_WARN__DUPLICATE_METHOD_MATCH = YES;
				"CODE_SIGN_IDENTITY[sdk=iphoneos*]" = "iPhone Developer";
				COPY_PHASE_STRIP = NO;
				DEBUG_INFORMATION_FORMAT = "dwarf-with-dsym";
				ENABLE_NS_ASSERTIONS = NO;
				ENABLE_STRICT_OBJC_MSGSEND = YES;
				GCC_C_LANGUAGE_STANDARD = gnu99;
				GCC_NO_COMMON_BLOCKS = YES;
				GCC_WARN_64_TO_32_BIT_CONVERSION = YES;
				GCC_WARN_ABOUT_RETURN_TYPE = YES_ERROR;
				GCC_WARN_UNDECLARED_SELECTOR = YES;
				GCC_WARN_UNINITIALIZED_AUTOS = YES_AGGRESSIVE;
				GCC_WARN_UNUSED_FUNCTION = YES;
				GCC_WARN_UNUSED_VARIABLE = YES;
				IPHONEOS_DEPLOYMENT_TARGET = 10.0;
				MTL_ENABLE_DEBUG_INFO = NO;
				SDKROOT = iphoneos;
				SWIFT_OPTIMIZATION_LEVEL = "-Owholemodule";
				VALIDATE_PRODUCT = YES;
			};
			name = Release;
		};
		09ED3FA51E57794000A5BEB8 /* Debug */ = {
			isa = XCBuildConfiguration;
			buildSettings = {
				ASSETCATALOG_COMPILER_APPICON_NAME = AppIcon;
				INFOPLIST_FILE = App_IntroMapas/Info.plist;
				LD_RUNPATH_SEARCH_PATHS = "$(inherited) @executable_path/Frameworks";
				PRODUCT_BUNDLE_IDENTIFIER = "com.cice.gmbdesign.ios..App-IntroMapas";
				PRODUCT_NAME = "$(TARGET_NAME)";
				SWIFT_VERSION = 3.0;
			};
			name = Debug;
		};
		09ED3FA61E57794000A5BEB8 /* Release */ = {
			isa = XCBuildConfiguration;
			buildSettings = {
				ASSETCATALOG_COMPILER_APPICON_NAME = AppIcon;
				INFOPLIST_FILE = App_IntroMapas/Info.plist;
				LD_RUNPATH_SEARCH_PATHS = "$(inherited) @executable_path/Frameworks";
				PRODUCT_BUNDLE_IDENTIFIER = "com.cice.gmbdesign.ios..App-IntroMapas";
				PRODUCT_NAME = "$(TARGET_NAME)";
				SWIFT_VERSION = 3.0;
			};
			name = Release;
		};
/* End XCBuildConfiguration section */

/* Begin XCConfigurationList section */
		09ED3F8D1E57793F00A5BEB8 /* Build configuration list for PBXProject "App_IntroMapas" */ = {
			isa = XCConfigurationList;
			buildConfigurations = (
				09ED3FA21E57794000A5BEB8 /* Debug */,
				09ED3FA31E57794000A5BEB8 /* Release */,
			);
			defaultConfigurationIsVisible = 0;
			defaultConfigurationName = Release;
		};
		09ED3FA41E57794000A5BEB8 /* Build configuration list for PBXNativeTarget "App_IntroMapas" */ = {
			isa = XCConfigurationList;
			buildConfigurations = (
				09ED3FA51E57794000A5BEB8 /* Debug */,
				09ED3FA61E57794000A5BEB8 /* Release */,
			);
			defaultConfigurationIsVisible = 0;
		};
/* End XCConfigurationList section */
	};
	rootObject = 09ED3F8A1E57793F00A5BEB8 /* Project object */;
}
